
Microsoft Visual Studio Solution File, Format Version 12.00
# Visual Studio Version 17
VisualStudioVersion = 17.0.31903.59
MinimumVisualStudioVersion = 10.0.40219.1
Project("{FAE04EC0-301F-11D3-BF4B-00C04F79EFBC}") = "TestProject", "TestProject\TestProject.csproj", "{2F9CD2A7-E28A-41E3-813E-46599B8F1301}"
EndProject
Project("{FAE04EC0-301F-11D3-BF4B-00C04F79EFBC}") = "_02_SearchAlgorithms", "_02_SearchAlgorithms\_02_SearchAlgorithms.csproj", "{B35A5A5D-45BE-4994-965F-C8D33939485E}"
EndProject
Project("{FAE04EC0-301F-11D3-BF4B-00C04F79EFBC}") = "_03_SortingAlgorithms", "_03_SortingAlgorithms\_03_SortingAlgorithms.csproj", "{A4D212A7-FA21-4FEB-B5FF-98CA08508C23}"
EndProject
Project("{FAE04EC0-301F-11D3-BF4B-00C04F79EFBC}") = "_01_Arrays", "_01_Arrays\_01_Arrays.csproj", "{83FE5166-A15F-48DE-B63F-35B0F7E7BFAB}"
EndProject
Project("{FAE04EC0-301F-11D3-BF4B-00C04F79EFBC}") = "AlgorithmTestFramework", "AlgorithmTestFramework\AlgorithmTestFramework.csproj", "{68A79309-3645-40D4-9B97-5CAC64E680C3}"
EndProject
Global
	GlobalSection(SolutionConfigurationPlatforms) = preSolution
		Debug|Any CPU = Debug|Any CPU
		Debug|x64 = Debug|x64
		Debug|x86 = Debug|x86
		Release|Any CPU = Release|Any CPU
		Release|x64 = Release|x64
		Release|x86 = Release|x86
	EndGlobalSection
	GlobalSection(ProjectConfigurationPlatforms) = postSolution
		{2F9CD2A7-E28A-41E3-813E-46599B8F1301}.Debug|Any CPU.ActiveCfg = Debug|Any CPU
		{2F9CD2A7-E28A-41E3-813E-46599B8F1301}.Debug|Any CPU.Build.0 = Debug|Any CPU
		{2F9CD2A7-E28A-41E3-813E-46599B8F1301}.Debug|x64.ActiveCfg = Debug|Any CPU
		{2F9CD2A7-E28A-41E3-813E-46599B8F1301}.Debug|x64.Build.0 = Debug|Any CPU
		{2F9CD2A7-E28A-41E3-813E-46599B8F1301}.Debug|x86.ActiveCfg = Debug|Any CPU
		{2F9CD2A7-E28A-41E3-813E-46599B8F1301}.Debug|x86.Build.0 = Debug|Any CPU
		{2F9CD2A7-E28A-41E3-813E-46599B8F1301}.Release|Any CPU.ActiveCfg = Release|Any CPU
		{2F9CD2A7-E28A-41E3-813E-46599B8F1301}.Release|Any CPU.Build.0 = Release|Any CPU
		{2F9CD2A7-E28A-41E3-813E-46599B8F1301}.Release|x64.ActiveCfg = Release|Any CPU
		{2F9CD2A7-E28A-41E3-813E-46599B8F1301}.Release|x64.Build.0 = Release|Any CPU
		{2F9CD2A7-E28A-41E3-813E-46599B8F1301}.Release|x86.ActiveCfg = Release|Any CPU
		{2F9CD2A7-E28A-41E3-813E-46599B8F1301}.Release|x86.Build.0 = Release|Any CPU
		{B35A5A5D-45BE-4994-965F-C8D33939485E}.Debug|Any CPU.ActiveCfg = Debug|Any CPU
		{B35A5A5D-45BE-4994-965F-C8D33939485E}.Debug|Any CPU.Build.0 = Debug|Any CPU
		{B35A5A5D-45BE-4994-965F-C8D33939485E}.Debug|x64.ActiveCfg = Debug|Any CPU
		{B35A5A5D-45BE-4994-965F-C8D33939485E}.Debug|x64.Build.0 = Debug|Any CPU
		{B35A5A5D-45BE-4994-965F-C8D33939485E}.Debug|x86.ActiveCfg = Debug|Any CPU
		{B35A5A5D-45BE-4994-965F-C8D33939485E}.Debug|x86.Build.0 = Debug|Any CPU
		{B35A5A5D-45BE-4994-965F-C8D33939485E}.Release|Any CPU.ActiveCfg = Release|Any CPU
		{B35A5A5D-45BE-4994-965F-C8D33939485E}.Release|Any CPU.Build.0 = Release|Any CPU
		{B35A5A5D-45BE-4994-965F-C8D33939485E}.Release|x64.ActiveCfg = Release|Any CPU
		{B35A5A5D-45BE-4994-965F-C8D33939485E}.Release|x64.Build.0 = Release|Any CPU
		{B35A5A5D-45BE-4994-965F-C8D33939485E}.Release|x86.ActiveCfg = Release|Any CPU
		{B35A5A5D-45BE-4994-965F-C8D33939485E}.Release|x86.Build.0 = Release|Any CPU
		{A4D212A7-FA21-4FEB-B5FF-98CA08508C23}.Debug|Any CPU.ActiveCfg = Debug|Any CPU
		{A4D212A7-FA21-4FEB-B5FF-98CA08508C23}.Debug|Any CPU.Build.0 = Debug|Any CPU
		{A4D212A7-FA21-4FEB-B5FF-98CA08508C23}.Debug|x64.ActiveCfg = Debug|Any CPU
		{A4D212A7-FA21-4FEB-B5FF-98CA08508C23}.Debug|x64.Build.0 = Debug|Any CPU
		{A4D212A7-FA21-4FEB-B5FF-98CA08508C23}.Debug|x86.ActiveCfg = Debug|Any CPU
		{A4D212A7-FA21-4FEB-B5FF-98CA08508C23}.Debug|x86.Build.0 = Debug|Any CPU
		{A4D212A7-FA21-4FEB-B5FF-98CA08508C23}.Release|Any CPU.ActiveCfg = Release|Any CPU
		{A4D212A7-FA21-4FEB-B5FF-98CA08508C23}.Release|Any CPU.Build.0 = Release|Any CPU
		{A4D212A7-FA21-4FEB-B5FF-98CA08508C23}.Release|x64.ActiveCfg = Release|Any CPU
		{A4D212A7-FA21-4FEB-B5FF-98CA08508C23}.Release|x64.Build.0 = Release|Any CPU
		{A4D212A7-FA21-4FEB-B5FF-98CA08508C23}.Release|x86.ActiveCfg = Release|Any CPU
		{A4D212A7-FA21-4FEB-B5FF-98CA08508C23}.Release|x86.Build.0 = Release|Any CPU
		{83FE5166-A15F-48DE-B63F-35B0F7E7BFAB}.Debug|Any CPU.ActiveCfg = Debug|Any CPU
		{83FE5166-A15F-48DE-B63F-35B0F7E7BFAB}.Debug|Any CPU.Build.0 = Debug|Any CPU
		{83FE5166-A15F-48DE-B63F-35B0F7E7BFAB}.Debug|x64.ActiveCfg = Debug|Any CPU
		{83FE5166-A15F-48DE-B63F-35B0F7E7BFAB}.Debug|x64.Build.0 = Debug|Any CPU
		{83FE5166-A15F-48DE-B63F-35B0F7E7BFAB}.Debug|x86.ActiveCfg = Debug|Any CPU
		{83FE5166-A15F-48DE-B63F-35B0F7E7BFAB}.Debug|x86.Build.0 = Debug|Any CPU
		{83FE5166-A15F-48DE-B63F-35B0F7E7BFAB}.Release|Any CPU.ActiveCfg = Release|Any CPU
		{83FE5166-A15F-48DE-B63F-35B0F7E7BFAB}.Release|Any CPU.Build.0 = Release|Any CPU
		{83FE5166-A15F-48DE-B63F-35B0F7E7BFAB}.Release|x64.ActiveCfg = Release|Any CPU
		{83FE5166-A15F-48DE-B63F-35B0F7E7BFAB}.Release|x64.Build.0 = Release|Any CPU
		{83FE5166-A15F-48DE-B63F-35B0F7E7BFAB}.Release|x86.ActiveCfg = Release|Any CPU
		{83FE5166-A15F-48DE-B63F-35B0F7E7BFAB}.Release|x86.Build.0 = Release|Any CPU
		{68A79309-3645-40D4-9B97-5CAC64E680C3}.Debug|Any CPU.ActiveCfg = Debug|Any CPU
		{68A79309-3645-40D4-9B97-5CAC64E680C3}.Debug|Any CPU.Build.0 = Debug|Any CPU
		{68A79309-3645-40D4-9B97-5CAC64E680C3}.Debug|x64.ActiveCfg = Debug|Any CPU
		{68A79309-3645-40D4-9B97-5CAC64E680C3}.Debug|x64.Build.0 = Debug|Any CPU
		{68A79309-3645-40D4-9B97-5CAC64E680C3}.Debug|x86.ActiveCfg = Debug|Any CPU
		{68A79309-3645-40D4-9B97-5CAC64E680C3}.Debug|x86.Build.0 = Debug|Any CPU
		{68A79309-3645-40D4-9B97-5CAC64E680C3}.Release|Any CPU.ActiveCfg = Release|Any CPU
		{68A79309-3645-40D4-9B97-5CAC64E680C3}.Release|Any CPU.Build.0 = Release|Any CPU
		{68A79309-3645-40D4-9B97-5CAC64E680C3}.Release|x64.ActiveCfg = Release|Any CPU
		{68A79309-3645-40D4-9B97-5CAC64E680C3}.Release|x64.Build.0 = Release|Any CPU
		{68A79309-3645-40D4-9B97-5CAC64E680C3}.Release|x86.ActiveCfg = Release|Any CPU
		{68A79309-3645-40D4-9B97-5CAC64E680C3}.Release|x86.Build.0 = Release|Any CPU
	EndGlobalSection
	GlobalSection(SolutionProperties) = preSolution
		HideSolutionNode = FALSE
	EndGlobalSection
EndGlobal
