
Microsoft Visual Studio Solution File, Format Version 12.00
# Visual Studio Version 17
VisualStudioVersion = 17.0.31903.59
MinimumVisualStudioVersion = 10.0.40219.1
Project("{FAE04EC0-301F-11D3-BF4B-00C04F79EFBC}") = "TestProject", "TestProject\TestProject.csproj", "{2F9CD2A7-E28A-41E3-813E-46599B8F1301}"
EndProject
Project("{FAE04EC0-301F-11D3-BF4B-00C04F79EFBC}") = "_02_SearchAlgorithms", "_02_SearchAlgorithms\_02_SearchAlgorithms.csproj", "{B35A5A5D-45BE-4994-965F-C8D33939485E}"
EndProject
Project("{FAE04EC0-301F-11D3-BF4B-00C04F79EFBC}") = "_03_SortingAlgorithms", "_03_SortingAlgorithms\_03_SortingAlgorithms.csproj", "{A4D212A7-FA21-4FEB-B5FF-98CA08508C23}"
EndProject
Project("{FAE04EC0-301F-11D3-BF4B-00C04F79EFBC}") = "_01_Arrays", "_01_Arrays\_01_Arrays.csproj", "{83FE5166-A15F-48DE-B63F-35B0F7E7BFAB}"
EndProject
Project("{FAE04EC0-301F-11D3-BF4B-00C04F79EFBC}") = "AlgorithmTestFramework", "AlgorithmTestFramework\AlgorithmTestFramework.csproj", "{68A79309-3645-40D4-9B97-5CAC64E680C3}"
EndProject
Project("{FAE04EC0-301F-11D3-BF4B-00C04F79EFBC}") = "_04_LinkedList", "_04_LinkedList\_04_LinkedList.csproj", "{821BED89-3A0A-4820-8B7E-4C899DEFBE4A}"
EndProject
Project("{FAE04EC0-301F-11D3-BF4B-00C04F79EFBC}") = "_05_DoublyLinkedList", "_05_DoublyLinkedList\_05_DoublyLinkedList.csproj", "{D98A32A1-DC6A-4E6A-BD86-7B678BD9E54C}"
EndProject
Project("{FAE04EC0-301F-11D3-BF4B-00C04F79EFBC}") = "_06_Stack", "_06_Stack\_06_Stack.csproj", "{77E3F9D4-A923-4022-8C78-F35881483058}"
EndProject
Project("{FAE04EC0-301F-11D3-BF4B-00C04F79EFBC}") = "_07_Queue", "_07_Queue\_07_Queue.csproj", "{06FEEC46-CD2C-4BD4-9189-EF9E3814E282}"
EndProject
Project("{FAE04EC0-301F-11D3-BF4B-00C04F79EFBC}") = "_08_HashTable", "_08_HashTable\_08_HashTable.csproj", "{CBC818AF-5B31-44CB-A679-3D14F739DDCF}"
EndProject
Project("{FAE04EC0-301F-11D3-BF4B-00C04F79EFBC}") = "_09_BST", "_09_BST\_09_BST.csproj", "{E4DCECD9-9D73-4F63-A3F9-6E57E2B169D8}"
EndProject
Project("{FAE04EC0-301F-11D3-BF4B-00C04F79EFBC}") = "_10_Graph", "_10_Graph\_10_Graph.csproj", "{3D979F49-0279-4172-8080-00207CCB39F1}"
EndProject
Project("{FAE04EC0-301F-11D3-BF4B-00C04F79EFBC}") = "_11_MemoizedFibonacci", "_11_MemoizedFibonacci\_11_MemoizedFibonacci.csproj", "{4E309BE8-FE53-4D79-803B-60EABAF7EA84}"
EndProject
Project("{FAE04EC0-301F-11D3-BF4B-00C04F79EFBC}") = "_12_FloydWarshall", "_12_FloydWarshall\_12_FloydWarshall.csproj", "{EBE139E1-BB5A-4F8B-823B-3220EF0344E2}"
EndProject
Global
	GlobalSection(SolutionConfigurationPlatforms) = preSolution
		Debug|Any CPU = Debug|Any CPU
		Debug|x64 = Debug|x64
		Debug|x86 = Debug|x86
		Release|Any CPU = Release|Any CPU
		Release|x64 = Release|x64
		Release|x86 = Release|x86
	EndGlobalSection
	GlobalSection(ProjectConfigurationPlatforms) = postSolution
		{2F9CD2A7-E28A-41E3-813E-46599B8F1301}.Debug|Any CPU.ActiveCfg = Debug|Any CPU
		{2F9CD2A7-E28A-41E3-813E-46599B8F1301}.Debug|Any CPU.Build.0 = Debug|Any CPU
		{2F9CD2A7-E28A-41E3-813E-46599B8F1301}.Debug|x64.ActiveCfg = Debug|Any CPU
		{2F9CD2A7-E28A-41E3-813E-46599B8F1301}.Debug|x64.Build.0 = Debug|Any CPU
		{2F9CD2A7-E28A-41E3-813E-46599B8F1301}.Debug|x86.ActiveCfg = Debug|Any CPU
		{2F9CD2A7-E28A-41E3-813E-46599B8F1301}.Debug|x86.Build.0 = Debug|Any CPU
		{2F9CD2A7-E28A-41E3-813E-46599B8F1301}.Release|Any CPU.ActiveCfg = Release|Any CPU
		{2F9CD2A7-E28A-41E3-813E-46599B8F1301}.Release|Any CPU.Build.0 = Release|Any CPU
		{2F9CD2A7-E28A-41E3-813E-46599B8F1301}.Release|x64.ActiveCfg = Release|Any CPU
		{2F9CD2A7-E28A-41E3-813E-46599B8F1301}.Release|x64.Build.0 = Release|Any CPU
		{2F9CD2A7-E28A-41E3-813E-46599B8F1301}.Release|x86.ActiveCfg = Release|Any CPU
		{2F9CD2A7-E28A-41E3-813E-46599B8F1301}.Release|x86.Build.0 = Release|Any CPU
		{B35A5A5D-45BE-4994-965F-C8D33939485E}.Debug|Any CPU.ActiveCfg = Debug|Any CPU
		{B35A5A5D-45BE-4994-965F-C8D33939485E}.Debug|Any CPU.Build.0 = Debug|Any CPU
		{B35A5A5D-45BE-4994-965F-C8D33939485E}.Debug|x64.ActiveCfg = Debug|Any CPU
		{B35A5A5D-45BE-4994-965F-C8D33939485E}.Debug|x64.Build.0 = Debug|Any CPU
		{B35A5A5D-45BE-4994-965F-C8D33939485E}.Debug|x86.ActiveCfg = Debug|Any CPU
		{B35A5A5D-45BE-4994-965F-C8D33939485E}.Debug|x86.Build.0 = Debug|Any CPU
		{B35A5A5D-45BE-4994-965F-C8D33939485E}.Release|Any CPU.ActiveCfg = Release|Any CPU
		{B35A5A5D-45BE-4994-965F-C8D33939485E}.Release|Any CPU.Build.0 = Release|Any CPU
		{B35A5A5D-45BE-4994-965F-C8D33939485E}.Release|x64.ActiveCfg = Release|Any CPU
		{B35A5A5D-45BE-4994-965F-C8D33939485E}.Release|x64.Build.0 = Release|Any CPU
		{B35A5A5D-45BE-4994-965F-C8D33939485E}.Release|x86.ActiveCfg = Release|Any CPU
		{B35A5A5D-45BE-4994-965F-C8D33939485E}.Release|x86.Build.0 = Release|Any CPU
		{A4D212A7-FA21-4FEB-B5FF-98CA08508C23}.Debug|Any CPU.ActiveCfg = Debug|Any CPU
		{A4D212A7-FA21-4FEB-B5FF-98CA08508C23}.Debug|Any CPU.Build.0 = Debug|Any CPU
		{A4D212A7-FA21-4FEB-B5FF-98CA08508C23}.Debug|x64.ActiveCfg = Debug|Any CPU
		{A4D212A7-FA21-4FEB-B5FF-98CA08508C23}.Debug|x64.Build.0 = Debug|Any CPU
		{A4D212A7-FA21-4FEB-B5FF-98CA08508C23}.Debug|x86.ActiveCfg = Debug|Any CPU
		{A4D212A7-FA21-4FEB-B5FF-98CA08508C23}.Debug|x86.Build.0 = Debug|Any CPU
		{A4D212A7-FA21-4FEB-B5FF-98CA08508C23}.Release|Any CPU.ActiveCfg = Release|Any CPU
		{A4D212A7-FA21-4FEB-B5FF-98CA08508C23}.Release|Any CPU.Build.0 = Release|Any CPU
		{A4D212A7-FA21-4FEB-B5FF-98CA08508C23}.Release|x64.ActiveCfg = Release|Any CPU
		{A4D212A7-FA21-4FEB-B5FF-98CA08508C23}.Release|x64.Build.0 = Release|Any CPU
		{A4D212A7-FA21-4FEB-B5FF-98CA08508C23}.Release|x86.ActiveCfg = Release|Any CPU
		{A4D212A7-FA21-4FEB-B5FF-98CA08508C23}.Release|x86.Build.0 = Release|Any CPU
		{83FE5166-A15F-48DE-B63F-35B0F7E7BFAB}.Debug|Any CPU.ActiveCfg = Debug|Any CPU
		{83FE5166-A15F-48DE-B63F-35B0F7E7BFAB}.Debug|Any CPU.Build.0 = Debug|Any CPU
		{83FE5166-A15F-48DE-B63F-35B0F7E7BFAB}.Debug|x64.ActiveCfg = Debug|Any CPU
		{83FE5166-A15F-48DE-B63F-35B0F7E7BFAB}.Debug|x64.Build.0 = Debug|Any CPU
		{83FE5166-A15F-48DE-B63F-35B0F7E7BFAB}.Debug|x86.ActiveCfg = Debug|Any CPU
		{83FE5166-A15F-48DE-B63F-35B0F7E7BFAB}.Debug|x86.Build.0 = Debug|Any CPU
		{83FE5166-A15F-48DE-B63F-35B0F7E7BFAB}.Release|Any CPU.ActiveCfg = Release|Any CPU
		{83FE5166-A15F-48DE-B63F-35B0F7E7BFAB}.Release|Any CPU.Build.0 = Release|Any CPU
		{83FE5166-A15F-48DE-B63F-35B0F7E7BFAB}.Release|x64.ActiveCfg = Release|Any CPU
		{83FE5166-A15F-48DE-B63F-35B0F7E7BFAB}.Release|x64.Build.0 = Release|Any CPU
		{83FE5166-A15F-48DE-B63F-35B0F7E7BFAB}.Release|x86.ActiveCfg = Release|Any CPU
		{83FE5166-A15F-48DE-B63F-35B0F7E7BFAB}.Release|x86.Build.0 = Release|Any CPU
		{68A79309-3645-40D4-9B97-5CAC64E680C3}.Debug|Any CPU.ActiveCfg = Debug|Any CPU
		{68A79309-3645-40D4-9B97-5CAC64E680C3}.Debug|Any CPU.Build.0 = Debug|Any CPU
		{68A79309-3645-40D4-9B97-5CAC64E680C3}.Debug|x64.ActiveCfg = Debug|Any CPU
		{68A79309-3645-40D4-9B97-5CAC64E680C3}.Debug|x64.Build.0 = Debug|Any CPU
		{68A79309-3645-40D4-9B97-5CAC64E680C3}.Debug|x86.ActiveCfg = Debug|Any CPU
		{68A79309-3645-40D4-9B97-5CAC64E680C3}.Debug|x86.Build.0 = Debug|Any CPU
		{68A79309-3645-40D4-9B97-5CAC64E680C3}.Release|Any CPU.ActiveCfg = Release|Any CPU
		{68A79309-3645-40D4-9B97-5CAC64E680C3}.Release|Any CPU.Build.0 = Release|Any CPU
		{68A79309-3645-40D4-9B97-5CAC64E680C3}.Release|x64.ActiveCfg = Release|Any CPU
		{68A79309-3645-40D4-9B97-5CAC64E680C3}.Release|x64.Build.0 = Release|Any CPU
		{68A79309-3645-40D4-9B97-5CAC64E680C3}.Release|x86.ActiveCfg = Release|Any CPU
		{68A79309-3645-40D4-9B97-5CAC64E680C3}.Release|x86.Build.0 = Release|Any CPU
		{821BED89-3A0A-4820-8B7E-4C899DEFBE4A}.Debug|Any CPU.ActiveCfg = Debug|Any CPU
		{821BED89-3A0A-4820-8B7E-4C899DEFBE4A}.Debug|Any CPU.Build.0 = Debug|Any CPU
		{821BED89-3A0A-4820-8B7E-4C899DEFBE4A}.Debug|x64.ActiveCfg = Debug|Any CPU
		{821BED89-3A0A-4820-8B7E-4C899DEFBE4A}.Debug|x64.Build.0 = Debug|Any CPU
		{821BED89-3A0A-4820-8B7E-4C899DEFBE4A}.Debug|x86.ActiveCfg = Debug|Any CPU
		{821BED89-3A0A-4820-8B7E-4C899DEFBE4A}.Debug|x86.Build.0 = Debug|Any CPU
		{821BED89-3A0A-4820-8B7E-4C899DEFBE4A}.Release|Any CPU.ActiveCfg = Release|Any CPU
		{821BED89-3A0A-4820-8B7E-4C899DEFBE4A}.Release|Any CPU.Build.0 = Release|Any CPU
		{821BED89-3A0A-4820-8B7E-4C899DEFBE4A}.Release|x64.ActiveCfg = Release|Any CPU
		{821BED89-3A0A-4820-8B7E-4C899DEFBE4A}.Release|x64.Build.0 = Release|Any CPU
		{821BED89-3A0A-4820-8B7E-4C899DEFBE4A}.Release|x86.ActiveCfg = Release|Any CPU
		{821BED89-3A0A-4820-8B7E-4C899DEFBE4A}.Release|x86.Build.0 = Release|Any CPU
		{D98A32A1-DC6A-4E6A-BD86-7B678BD9E54C}.Debug|Any CPU.ActiveCfg = Debug|Any CPU
		{D98A32A1-DC6A-4E6A-BD86-7B678BD9E54C}.Debug|Any CPU.Build.0 = Debug|Any CPU
		{D98A32A1-DC6A-4E6A-BD86-7B678BD9E54C}.Debug|x64.ActiveCfg = Debug|Any CPU
		{D98A32A1-DC6A-4E6A-BD86-7B678BD9E54C}.Debug|x64.Build.0 = Debug|Any CPU
		{D98A32A1-DC6A-4E6A-BD86-7B678BD9E54C}.Debug|x86.ActiveCfg = Debug|Any CPU
		{D98A32A1-DC6A-4E6A-BD86-7B678BD9E54C}.Debug|x86.Build.0 = Debug|Any CPU
		{D98A32A1-DC6A-4E6A-BD86-7B678BD9E54C}.Release|Any CPU.ActiveCfg = Release|Any CPU
		{D98A32A1-DC6A-4E6A-BD86-7B678BD9E54C}.Release|Any CPU.Build.0 = Release|Any CPU
		{D98A32A1-DC6A-4E6A-BD86-7B678BD9E54C}.Release|x64.ActiveCfg = Release|Any CPU
		{D98A32A1-DC6A-4E6A-BD86-7B678BD9E54C}.Release|x64.Build.0 = Release|Any CPU
		{D98A32A1-DC6A-4E6A-BD86-7B678BD9E54C}.Release|x86.ActiveCfg = Release|Any CPU
		{D98A32A1-DC6A-4E6A-BD86-7B678BD9E54C}.Release|x86.Build.0 = Release|Any CPU
		{77E3F9D4-A923-4022-8C78-F35881483058}.Debug|Any CPU.ActiveCfg = Debug|Any CPU
		{77E3F9D4-A923-4022-8C78-F35881483058}.Debug|Any CPU.Build.0 = Debug|Any CPU
		{77E3F9D4-A923-4022-8C78-F35881483058}.Debug|x64.ActiveCfg = Debug|Any CPU
		{77E3F9D4-A923-4022-8C78-F35881483058}.Debug|x64.Build.0 = Debug|Any CPU
		{77E3F9D4-A923-4022-8C78-F35881483058}.Debug|x86.ActiveCfg = Debug|Any CPU
		{77E3F9D4-A923-4022-8C78-F35881483058}.Debug|x86.Build.0 = Debug|Any CPU
		{77E3F9D4-A923-4022-8C78-F35881483058}.Release|Any CPU.ActiveCfg = Release|Any CPU
		{77E3F9D4-A923-4022-8C78-F35881483058}.Release|Any CPU.Build.0 = Release|Any CPU
		{77E3F9D4-A923-4022-8C78-F35881483058}.Release|x64.ActiveCfg = Release|Any CPU
		{77E3F9D4-A923-4022-8C78-F35881483058}.Release|x64.Build.0 = Release|Any CPU
		{77E3F9D4-A923-4022-8C78-F35881483058}.Release|x86.ActiveCfg = Release|Any CPU
		{77E3F9D4-A923-4022-8C78-F35881483058}.Release|x86.Build.0 = Release|Any CPU
		{06FEEC46-CD2C-4BD4-9189-EF9E3814E282}.Debug|Any CPU.ActiveCfg = Debug|Any CPU
		{06FEEC46-CD2C-4BD4-9189-EF9E3814E282}.Debug|Any CPU.Build.0 = Debug|Any CPU
		{06FEEC46-CD2C-4BD4-9189-EF9E3814E282}.Debug|x64.ActiveCfg = Debug|Any CPU
		{06FEEC46-CD2C-4BD4-9189-EF9E3814E282}.Debug|x64.Build.0 = Debug|Any CPU
		{06FEEC46-CD2C-4BD4-9189-EF9E3814E282}.Debug|x86.ActiveCfg = Debug|Any CPU
		{06FEEC46-CD2C-4BD4-9189-EF9E3814E282}.Debug|x86.Build.0 = Debug|Any CPU
		{06FEEC46-CD2C-4BD4-9189-EF9E3814E282}.Release|Any CPU.ActiveCfg = Release|Any CPU
		{06FEEC46-CD2C-4BD4-9189-EF9E3814E282}.Release|Any CPU.Build.0 = Release|Any CPU
		{06FEEC46-CD2C-4BD4-9189-EF9E3814E282}.Release|x64.ActiveCfg = Release|Any CPU
		{06FEEC46-CD2C-4BD4-9189-EF9E3814E282}.Release|x64.Build.0 = Release|Any CPU
		{06FEEC46-CD2C-4BD4-9189-EF9E3814E282}.Release|x86.ActiveCfg = Release|Any CPU
		{06FEEC46-CD2C-4BD4-9189-EF9E3814E282}.Release|x86.Build.0 = Release|Any CPU
		{CBC818AF-5B31-44CB-A679-3D14F739DDCF}.Debug|Any CPU.ActiveCfg = Debug|Any CPU
		{CBC818AF-5B31-44CB-A679-3D14F739DDCF}.Debug|Any CPU.Build.0 = Debug|Any CPU
		{CBC818AF-5B31-44CB-A679-3D14F739DDCF}.Debug|x64.ActiveCfg = Debug|Any CPU
		{CBC818AF-5B31-44CB-A679-3D14F739DDCF}.Debug|x64.Build.0 = Debug|Any CPU
		{CBC818AF-5B31-44CB-A679-3D14F739DDCF}.Debug|x86.ActiveCfg = Debug|Any CPU
		{CBC818AF-5B31-44CB-A679-3D14F739DDCF}.Debug|x86.Build.0 = Debug|Any CPU
		{CBC818AF-5B31-44CB-A679-3D14F739DDCF}.Release|Any CPU.ActiveCfg = Release|Any CPU
		{CBC818AF-5B31-44CB-A679-3D14F739DDCF}.Release|Any CPU.Build.0 = Release|Any CPU
		{CBC818AF-5B31-44CB-A679-3D14F739DDCF}.Release|x64.ActiveCfg = Release|Any CPU
		{CBC818AF-5B31-44CB-A679-3D14F739DDCF}.Release|x64.Build.0 = Release|Any CPU
		{CBC818AF-5B31-44CB-A679-3D14F739DDCF}.Release|x86.ActiveCfg = Release|Any CPU
		{CBC818AF-5B31-44CB-A679-3D14F739DDCF}.Release|x86.Build.0 = Release|Any CPU
		{E4DCECD9-9D73-4F63-A3F9-6E57E2B169D8}.Debug|Any CPU.ActiveCfg = Debug|Any CPU
		{E4DCECD9-9D73-4F63-A3F9-6E57E2B169D8}.Debug|Any CPU.Build.0 = Debug|Any CPU
		{E4DCECD9-9D73-4F63-A3F9-6E57E2B169D8}.Debug|x64.ActiveCfg = Debug|Any CPU
		{E4DCECD9-9D73-4F63-A3F9-6E57E2B169D8}.Debug|x64.Build.0 = Debug|Any CPU
		{E4DCECD9-9D73-4F63-A3F9-6E57E2B169D8}.Debug|x86.ActiveCfg = Debug|Any CPU
		{E4DCECD9-9D73-4F63-A3F9-6E57E2B169D8}.Debug|x86.Build.0 = Debug|Any CPU
		{E4DCECD9-9D73-4F63-A3F9-6E57E2B169D8}.Release|Any CPU.ActiveCfg = Release|Any CPU
		{E4DCECD9-9D73-4F63-A3F9-6E57E2B169D8}.Release|Any CPU.Build.0 = Release|Any CPU
		{E4DCECD9-9D73-4F63-A3F9-6E57E2B169D8}.Release|x64.ActiveCfg = Release|Any CPU
		{E4DCECD9-9D73-4F63-A3F9-6E57E2B169D8}.Release|x64.Build.0 = Release|Any CPU
		{E4DCECD9-9D73-4F63-A3F9-6E57E2B169D8}.Release|x86.ActiveCfg = Release|Any CPU
		{E4DCECD9-9D73-4F63-A3F9-6E57E2B169D8}.Release|x86.Build.0 = Release|Any CPU
		{3D979F49-0279-4172-8080-00207CCB39F1}.Debug|Any CPU.ActiveCfg = Debug|Any CPU
		{3D979F49-0279-4172-8080-00207CCB39F1}.Debug|Any CPU.Build.0 = Debug|Any CPU
		{3D979F49-0279-4172-8080-00207CCB39F1}.Debug|x64.ActiveCfg = Debug|Any CPU
		{3D979F49-0279-4172-8080-00207CCB39F1}.Debug|x64.Build.0 = Debug|Any CPU
		{3D979F49-0279-4172-8080-00207CCB39F1}.Debug|x86.ActiveCfg = Debug|Any CPU
		{3D979F49-0279-4172-8080-00207CCB39F1}.Debug|x86.Build.0 = Debug|Any CPU
		{3D979F49-0279-4172-8080-00207CCB39F1}.Release|Any CPU.ActiveCfg = Release|Any CPU
		{3D979F49-0279-4172-8080-00207CCB39F1}.Release|Any CPU.Build.0 = Release|Any CPU
		{3D979F49-0279-4172-8080-00207CCB39F1}.Release|x64.ActiveCfg = Release|Any CPU
		{3D979F49-0279-4172-8080-00207CCB39F1}.Release|x64.Build.0 = Release|Any CPU
		{3D979F49-0279-4172-8080-00207CCB39F1}.Release|x86.ActiveCfg = Release|Any CPU
		{3D979F49-0279-4172-8080-00207CCB39F1}.Release|x86.Build.0 = Release|Any CPU
		{4E309BE8-FE53-4D79-803B-60EABAF7EA84}.Debug|Any CPU.ActiveCfg = Debug|Any CPU
		{4E309BE8-FE53-4D79-803B-60EABAF7EA84}.Debug|Any CPU.Build.0 = Debug|Any CPU
		{4E309BE8-FE53-4D79-803B-60EABAF7EA84}.Debug|x64.ActiveCfg = Debug|Any CPU
		{4E309BE8-FE53-4D79-803B-60EABAF7EA84}.Debug|x64.Build.0 = Debug|Any CPU
		{4E309BE8-FE53-4D79-803B-60EABAF7EA84}.Debug|x86.ActiveCfg = Debug|Any CPU
		{4E309BE8-FE53-4D79-803B-60EABAF7EA84}.Debug|x86.Build.0 = Debug|Any CPU
		{4E309BE8-FE53-4D79-803B-60EABAF7EA84}.Release|Any CPU.ActiveCfg = Release|Any CPU
		{4E309BE8-FE53-4D79-803B-60EABAF7EA84}.Release|Any CPU.Build.0 = Release|Any CPU
		{4E309BE8-FE53-4D79-803B-60EABAF7EA84}.Release|x64.ActiveCfg = Release|Any CPU
		{4E309BE8-FE53-4D79-803B-60EABAF7EA84}.Release|x64.Build.0 = Release|Any CPU
		{4E309BE8-FE53-4D79-803B-60EABAF7EA84}.Release|x86.ActiveCfg = Release|Any CPU
		{4E309BE8-FE53-4D79-803B-60EABAF7EA84}.Release|x86.Build.0 = Release|Any CPU
		{EBE139E1-BB5A-4F8B-823B-3220EF0344E2}.Debug|Any CPU.ActiveCfg = Debug|Any CPU
		{EBE139E1-BB5A-4F8B-823B-3220EF0344E2}.Debug|Any CPU.Build.0 = Debug|Any CPU
		{EBE139E1-BB5A-4F8B-823B-3220EF0344E2}.Debug|x64.ActiveCfg = Debug|Any CPU
		{EBE139E1-BB5A-4F8B-823B-3220EF0344E2}.Debug|x64.Build.0 = Debug|Any CPU
		{EBE139E1-BB5A-4F8B-823B-3220EF0344E2}.Debug|x86.ActiveCfg = Debug|Any CPU
		{EBE139E1-BB5A-4F8B-823B-3220EF0344E2}.Debug|x86.Build.0 = Debug|Any CPU
		{EBE139E1-BB5A-4F8B-823B-3220EF0344E2}.Release|Any CPU.ActiveCfg = Release|Any CPU
		{EBE139E1-BB5A-4F8B-823B-3220EF0344E2}.Release|Any CPU.Build.0 = Release|Any CPU
		{EBE139E1-BB5A-4F8B-823B-3220EF0344E2}.Release|x64.ActiveCfg = Release|Any CPU
		{EBE139E1-BB5A-4F8B-823B-3220EF0344E2}.Release|x64.Build.0 = Release|Any CPU
		{EBE139E1-BB5A-4F8B-823B-3220EF0344E2}.Release|x86.ActiveCfg = Release|Any CPU
		{EBE139E1-BB5A-4F8B-823B-3220EF0344E2}.Release|x86.Build.0 = Release|Any CPU
	EndGlobalSection
	GlobalSection(SolutionProperties) = preSolution
		HideSolutionNode = FALSE
	EndGlobalSection
EndGlobal
